
Microsoft Visual Studio Solution File, Format Version 12.00
# Visual Studio Version 17
VisualStudioVersion = 17.11.35222.181
MinimumVisualStudioVersion = 10.0.40219.1
Project("{FAE04EC0-301F-11D3-BF4B-00C04F79EFBC}") = "RestAPIPractice", "RestAPIPractice\RestAPIPractice.csproj", "{134C9179-AD82-4610-BC1F-07B02BD8E793}"
EndProject
Global
	GlobalSection(SolutionConfigurationPlatforms) = preSolution
		Debug|Any CPU = Debug|Any CPU
		Release|Any CPU = Release|Any CPU
	EndGlobalSection
	GlobalSection(ProjectConfigurationPlatforms) = postSolution
		{134C9179-AD82-4610-BC1F-07B02BD8E793}.Debug|Any CPU.ActiveCfg = Debug|Any CPU
		{134C9179-AD82-4610-BC1F-07B02BD8E793}.Debug|Any CPU.Build.0 = Debug|Any CPU
		{134C9179-AD82-4610-BC1F-07B02BD8E793}.Release|Any CPU.ActiveCfg = Release|Any CPU
		{134C9179-AD82-4610-BC1F-07B02BD8E793}.Release|Any CPU.Build.0 = Release|Any CPU
	EndGlobalSection
	GlobalSection(SolutionProperties) = preSolution
		HideSolutionNode = FALSE
	EndGlobalSection
	GlobalSection(ExtensibilityGlobals) = postSolution
		SolutionGuid = {39391DBE-54CD-4763-B4AB-BEC43BEBDF9B}
	EndGlobalSection
EndGlobal
